
Microsoft Visual Studio Solution File, Format Version 12.00
# Visual Studio 15
VisualStudioVersion = 15.0.27703.2026
MinimumVisualStudioVersion = 10.0.40219.1
Project("{888888A0-9F3D-457C-B088-3A5042F75D52}") = "volatile", "volatile.pyproj", "{41323AC9-E48B-4322-B627-5AB54F729074}"
EndProject
Global
	GlobalSection(SolutionConfigurationPlatforms) = preSolution
		Debug|Any CPU = Debug|Any CPU
		Release|Any CPU = Release|Any CPU
	EndGlobalSection
	GlobalSection(ProjectConfigurationPlatforms) = postSolution
		{41323AC9-E48B-4322-B627-5AB54F729074}.Debug|Any CPU.ActiveCfg = Debug|Any CPU
		{41323AC9-E48B-4322-B627-5AB54F729074}.Release|Any CPU.ActiveCfg = Release|Any CPU
	EndGlobalSection
	GlobalSection(SolutionProperties) = preSolution
		HideSolutionNode = FALSE
	EndGlobalSection
	GlobalSection(ExtensibilityGlobals) = postSolution
		SolutionGuid = {7DB47E54-C4FA-4E2C-B6DA-CD31199A3003}
	EndGlobalSection
EndGlobal
